// !$*UTF8*$!
{
	archiveVersion = 1;
	classes = {
	};
	objectVersion = 46;
	objects = {

/* Begin PBXBuildFile section */
		3A1B7CB81AAF2E4D00B6336D /* main.m in Sources */ = {isa = PBXBuildFile; fileRef = 3A1B7CB71AAF2E4D00B6336D /* main.m */; };
		3A1B7CBB1AAF2E4D00B6336D /* AppDelegate.m in Sources */ = {isa = PBXBuildFile; fileRef = 3A1B7CBA1AAF2E4D00B6336D /* AppDelegate.m */; };
		3A1B7CBE1AAF2E4D00B6336D /* ViewController.m in Sources */ = {isa = PBXBuildFile; fileRef = 3A1B7CBD1AAF2E4D00B6336D /* ViewController.m */; };
		3A1B7CC11AAF2E4D00B6336D /* Main.storyboard in Resources */ = {isa = PBXBuildFile; fileRef = 3A1B7CBF1AAF2E4D00B6336D /* Main.storyboard */; };
		3A1B7CC31AAF2E4D00B6336D /* Images.xcassets in Resources */ = {isa = PBXBuildFile; fileRef = 3A1B7CC21AAF2E4D00B6336D /* Images.xcassets */; };
		3A1B7CC61AAF2E4D00B6336D /* LaunchScreen.xib in Resources */ = {isa = PBXBuildFile; fileRef = 3A1B7CC41AAF2E4D00B6336D /* LaunchScreen.xib */; };
		3A1B7CD21AAF2E4D00B6336D /* AAAlertViewDemoTests.m in Sources */ = {isa = PBXBuildFile; fileRef = 3A1B7CD11AAF2E4D00B6336D /* AAAlertViewDemoTests.m */; };
/* End PBXBuildFile section */

/* Begin PBXContainerItemProxy section */
		3A1B7CCC1AAF2E4D00B6336D /* PBXContainerItemProxy */ = {
			isa = PBXContainerItemProxy;
			containerPortal = 3A1B7CAA1AAF2E4D00B6336D /* Project object */;
			proxyType = 1;
			remoteGlobalIDString = 3A1B7CB11AAF2E4D00B6336D;
			remoteInfo = AAAlertViewDemo;
		};
/* End PBXContainerItemProxy section */

/* Begin PBXFileReference section */
		3A1B7CB21AAF2E4D00B6336D /* AAAlertViewDemo.app */ = {isa = PBXFileReference; explicitFileType = wrapper.application; includeInIndex = 0; path = AAAlertViewDemo.app; sourceTree = BUILT_PRODUCTS_DIR; };
		3A1B7CB61AAF2E4D00B6336D /* Info.plist */ = {isa = PBXFileReference; lastKnownFileType = text.plist.xml; path = Info.plist; sourceTree = "<group>"; };
		3A1B7CB71AAF2E4D00B6336D /* main.m */ = {isa = PBXFileReference; lastKnownFileType = sourcecode.c.objc; path = main.m; sourceTree = "<group>"; };
		3A1B7CB91AAF2E4D00B6336D /* AppDelegate.h */ = {isa = PBXFileReference; lastKnownFileType = sourcecode.c.h; path = AppDelegate.h; sourceTree = "<group>"; };
		3A1B7CBA1AAF2E4D00B6336D /* AppDelegate.m */ = {isa = PBXFileReference; lastKnownFileType = sourcecode.c.objc; path = AppDelegate.m; sourceTree = "<group>"; };
		3A1B7CBC1AAF2E4D00B6336D /* ViewController.h */ = {isa = PBXFileReference; lastKnownFileType = sourcecode.c.h; path = ViewController.h; sourceTree = "<group>"; };
		3A1B7CBD1AAF2E4D00B6336D /* ViewController.m */ = {isa = PBXFileReference; lastKnownFileType = sourcecode.c.objc; path = ViewController.m; sourceTree = "<group>"; };
		3A1B7CC01AAF2E4D00B6336D /* Base */ = {isa = PBXFileReference; lastKnownFileType = file.storyboard; name = Base; path = Base.lproj/Main.storyboard; sourceTree = "<group>"; };
		3A1B7CC21AAF2E4D00B6336D /* Images.xcassets */ = {isa = PBXFileReference; lastKnownFileType = folder.assetcatalog; path = Images.xcassets; sourceTree = "<group>"; };
		3A1B7CC51AAF2E4D00B6336D /* Base */ = {isa = PBXFileReference; lastKnownFileType = file.xib; name = Base; path = Base.lproj/LaunchScreen.xib; sourceTree = "<group>"; };
		3A1B7CCB1AAF2E4D00B6336D /* AAAlertViewDemoTests.xctest */ = {isa = PBXFileReference; explicitFileType = wrapper.cfbundle; includeInIndex = 0; path = AAAlertViewDemoTests.xctest; sourceTree = BUILT_PRODUCTS_DIR; };
		3A1B7CD01AAF2E4D00B6336D /* Info.plist */ = {isa = PBXFileReference; lastKnownFileType = text.plist.xml; path = Info.plist; sourceTree = "<group>"; };
		3A1B7CD11AAF2E4D00B6336D /* AAAlertViewDemoTests.m */ = {isa = PBXFileReference; lastKnownFileType = sourcecode.c.objc; path = AAAlertViewDemoTests.m; sourceTree = "<group>"; };
/* End PBXFileReference section */

/* Begin PBXFrameworksBuildPhase section */
		3A1B7CAF1AAF2E4D00B6336D /* Frameworks */ = {
			isa = PBXFrameworksBuildPhase;
			buildActionMask = 2147483647;
			files = (
			);
			runOnlyForDeploymentPostprocessing = 0;
		};
		3A1B7CC81AAF2E4D00B6336D /* Frameworks */ = {
			isa = PBXFrameworksBuildPhase;
			buildActionMask = 2147483647;
			files = (
			);
			runOnlyForDeploymentPostprocessing = 0;
		};
/* End PBXFrameworksBuildPhase section */

/* Begin PBXGroup section */
		3A1B7CA91AAF2E4D00B6336D = {
			isa = PBXGroup;
			children = (
				3A1B7CB41AAF2E4D00B6336D /* AAAlertViewDemo */,
				3A1B7CCE1AAF2E4D00B6336D /* AAAlertViewDemoTests */,
				3A1B7CB31AAF2E4D00B6336D /* Products */,
			);
			sourceTree = "<group>";
		};
		3A1B7CB31AAF2E4D00B6336D /* Products */ = {
			isa = PBXGroup;
			children = (
				3A1B7CB21AAF2E4D00B6336D /* AAAlertViewDemo.app */,
				3A1B7CCB1AAF2E4D00B6336D /* AAAlertViewDemoTests.xctest */,
			);
			name = Products;
			sourceTree = "<group>";
		};
		3A1B7CB41AAF2E4D00B6336D /* AAAlertViewDemo */ = {
			isa = PBXGroup;
			children = (
				3A1B7CB91AAF2E4D00B6336D /* AppDelegate.h */,
				3A1B7CBA1AAF2E4D00B6336D /* AppDelegate.m */,
				3A1B7CBC1AAF2E4D00B6336D /* ViewController.h */,
				3A1B7CBD1AAF2E4D00B6336D /* ViewController.m */,
				3A1B7CBF1AAF2E4D00B6336D /* Main.storyboard */,
				3A1B7CC21AAF2E4D00B6336D /* Images.xcassets */,
				3A1B7CC41AAF2E4D00B6336D /* LaunchScreen.xib */,
				3A1B7CB51AAF2E4D00B6336D /* Supporting Files */,
			);
			path = AAAlertViewDemo;
			sourceTree = "<group>";
		};
		3A1B7CB51AAF2E4D00B6336D /* Supporting Files */ = {
			isa = PBXGroup;
			children = (
				3A1B7CB61AAF2E4D00B6336D /* Info.plist */,
				3A1B7CB71AAF2E4D00B6336D /* main.m */,
			);
			name = "Supporting Files";
			sourceTree = "<group>";
		};
		3A1B7CCE1AAF2E4D00B6336D /* AAAlertViewDemoTests */ = {
			isa = PBXGroup;
			children = (
				3A1B7CD11AAF2E4D00B6336D /* AAAlertViewDemoTests.m */,
				3A1B7CCF1AAF2E4D00B6336D /* Supporting Files */,
			);
			path = AAAlertViewDemoTests;
			sourceTree = "<group>";
		};
		3A1B7CCF1AAF2E4D00B6336D /* Supporting Files */ = {
			isa = PBXGroup;
			children = (
				3A1B7CD01AAF2E4D00B6336D /* Info.plist */,
			);
			name = "Supporting Files";
			sourceTree = "<group>";
		};
/* End PBXGroup section */

/* Begin PBXNativeTarget section */
		3A1B7CB11AAF2E4D00B6336D /* AAAlertViewDemo */ = {
			isa = PBXNativeTarget;
			buildConfigurationList = 3A1B7CD51AAF2E4D00B6336D /* Build configuration list for PBXNativeTarget "AAAlertViewDemo" */;
			buildPhases = (
				3A1B7CAE1AAF2E4D00B6336D /* Sources */,
				3A1B7CAF1AAF2E4D00B6336D /* Frameworks */,
				3A1B7CB01AAF2E4D00B6336D /* Resources */,
			);
			buildRules = (
			);
			dependencies = (
			);
			name = AAAlertViewDemo;
			productName = AAAlertViewDemo;
			productReference = 3A1B7CB21AAF2E4D00B6336D /* AAAlertViewDemo.app */;
			productType = "com.apple.product-type.application";
		};
		3A1B7CCA1AAF2E4D00B6336D /* AAAlertViewDemoTests */ = {
			isa = PBXNativeTarget;
			buildConfigurationList = 3A1B7CD81AAF2E4D00B6336D /* Build configuration list for PBXNativeTarget "AAAlertViewDemoTests" */;
			buildPhases = (
				3A1B7CC71AAF2E4D00B6336D /* Sources */,
				3A1B7CC81AAF2E4D00B6336D /* Frameworks */,
				3A1B7CC91AAF2E4D00B6336D /* Resources */,
			);
			buildRules = (
			);
			dependencies = (
				3A1B7CCD1AAF2E4D00B6336D /* PBXTargetDependency */,
			);
			name = AAAlertViewDemoTests;
			productName = AAAlertViewDemoTests;
			productReference = 3A1B7CCB1AAF2E4D00B6336D /* AAAlertViewDemoTests.xctest */;
			productType = "com.apple.product-type.bundle.unit-test";
		};
/* End PBXNativeTarget section */

/* Begin PBXProject section */
		3A1B7CAA1AAF2E4D00B6336D /* Project object */ = {
			isa = PBXProject;
			attributes = {
				LastUpgradeCheck = 0610;
				ORGANIZATIONNAME = AndreaArlex;
				TargetAttributes = {
					3A1B7CB11AAF2E4D00B6336D = {
						CreatedOnToolsVersion = 6.1;
					};
					3A1B7CCA1AAF2E4D00B6336D = {
						CreatedOnToolsVersion = 6.1;
						TestTargetID = 3A1B7CB11AAF2E4D00B6336D;
					};
				};
			};
			buildConfigurationList = 3A1B7CAD1AAF2E4D00B6336D /* Build configuration list for PBXProject "AAAlertViewDemo" */;
			compatibilityVersion = "Xcode 3.2";
			developmentRegion = English;
			hasScannedForEncodings = 0;
			knownRegions = (
				en,
				Base,
			);
			mainGroup = 3A1B7CA91AAF2E4D00B6336D;
			productRefGroup = 3A1B7CB31AAF2E4D00B6336D /* Products */;
			projectDirPath = "";
			projectRoot = "";
			targets = (
				3A1B7CB11AAF2E4D00B6336D /* AAAlertViewDemo */,
				3A1B7CCA1AAF2E4D00B6336D /* AAAlertViewDemoTests */,
			);
		};
/* End PBXProject section */

/* Begin PBXResourcesBuildPhase section */
		3A1B7CB01AAF2E4D00B6336D /* Resources */ = {
			isa = PBXResourcesBuildPhase;
			buildActionMask = 2147483647;
			files = (
				3A1B7CC11AAF2E4D00B6336D /* Main.storyboard in Resources */,
				3A1B7CC61AAF2E4D00B6336D /* LaunchScreen.xib in Resources */,
				3A1B7CC31AAF2E4D00B6336D /* Images.xcassets in Resources */,
			);
			runOnlyForDeploymentPostprocessing = 0;
		};
		3A1B7CC91AAF2E4D00B6336D /* Resources */ = {
			isa = PBXResourcesBuildPhase;
			buildActionMask = 2147483647;
			files = (
			);
			runOnlyForDeploymentPostprocessing = 0;
		};
/* End PBXResourcesBuildPhase section */

/* Begin PBXSourcesBuildPhase section */
		3A1B7CAE1AAF2E4D00B6336D /* Sources */ = {
			isa = PBXSourcesBuildPhase;
			buildActionMask = 2147483647;
			files = (
				3A1B7CBE1AAF2E4D00B6336D /* ViewController.m in Sources */,
				3A1B7CBB1AAF2E4D00B6336D /* AppDelegate.m in Sources */,
				3A1B7CB81AAF2E4D00B6336D /* main.m in Sources */,
			);
			runOnlyForDeploymentPostprocessing = 0;
		};
		3A1B7CC71AAF2E4D00B6336D /* Sources */ = {
			isa = PBXSourcesBuildPhase;
			buildActionMask = 2147483647;
			files = (
				3A1B7CD21AAF2E4D00B6336D /* AAAlertViewDemoTests.m in Sources */,
			);
			runOnlyForDeploymentPostprocessing = 0;
		};
/* End PBXSourcesBuildPhase section */

/* Begin PBXTargetDependency section */
		3A1B7CCD1AAF2E4D00B6336D /* PBXTargetDependency */ = {
			isa = PBXTargetDependency;
			target = 3A1B7CB11AAF2E4D00B6336D /* AAAlertViewDemo */;
			targetProxy = 3A1B7CCC1AAF2E4D00B6336D /* PBXContainerItemProxy */;
		};
/* End PBXTargetDependency section */

/* Begin PBXVariantGroup section */
		3A1B7CBF1AAF2E4D00B6336D /* Main.storyboard */ = {
			isa = PBXVariantGroup;
			children = (
				3A1B7CC01AAF2E4D00B6336D /* Base */,
			);
			name = Main.storyboard;
			sourceTree = "<group>";
		};
		3A1B7CC41AAF2E4D00B6336D /* LaunchScreen.xib */ = {
			isa = PBXVariantGroup;
			children = (
				3A1B7CC51AAF2E4D00B6336D /* Base */,
			);
			name = LaunchScreen.xib;
			sourceTree = "<group>";
		};
/* End PBXVariantGroup section */

/* Begin XCBuildConfiguration section */
		3A1B7CD31AAF2E4D00B6336D /* Debug */ = {
			isa = XCBuildConfiguration;
			buildSettings = {
				ALWAYS_SEARCH_USER_PATHS = NO;
				CLANG_CXX_LANGUAGE_STANDARD = "gnu++0x";
				CLANG_CXX_LIBRARY = "libc++";
				CLANG_ENABLE_MODULES = YES;
				CLANG_ENABLE_OBJC_ARC = YES;
				CLANG_WARN_BOOL_CONVERSION = YES;
				CLANG_WARN_CONSTANT_CONVERSION = YES;
				CLANG_WARN_DIRECT_OBJC_ISA_USAGE = YES_ERROR;
				CLANG_WARN_EMPTY_BODY = YES;
				CLANG_WARN_ENUM_CONVERSION = YES;
				CLANG_WARN_INT_CONVERSION = YES;
				CLANG_WARN_OBJC_ROOT_CLASS = YES_ERROR;
				CLANG_WARN_UNREACHABLE_CODE = YES;
				CLANG_WARN__DUPLICATE_METHOD_MATCH = YES;
				"CODE_SIGN_IDENTITY[sdk=iphoneos*]" = "iPhone Developer";
				COPY_PHASE_STRIP = NO;
				ENABLE_STRICT_OBJC_MSGSEND = YES;
				GCC_C_LANGUAGE_STANDARD = gnu99;
				GCC_DYNAMIC_NO_PIC = NO;
				GCC_OPTIMIZATION_LEVEL = 0;
				GCC_PREPROCESSOR_DEFINITIONS = (
					"DEBUG=1",
					"$(inherited)",
				);
				GCC_SYMBOLS_PRIVATE_EXTERN = NO;
				GCC_WARN_64_TO_32_BIT_CONVERSION = YES;
				GCC_WARN_ABOUT_RETURN_TYPE = YES_ERROR;
				GCC_WARN_UNDECLARED_SELECTOR = YES;
				GCC_WARN_UNINITIALIZED_AUTOS = YES_AGGRESSIVE;
				GCC_WARN_UNUSED_FUNCTION = YES;
				GCC_WARN_UNUSED_VARIABLE = YES;
				IPHONEOS_DEPLOYMENT_TARGET = 8.1;
				MTL_ENABLE_DEBUG_INFO = YES;
				ONLY_ACTIVE_ARCH = YES;
				SDKROOT = iphoneos;
				TARGETED_DEVICE_FAMILY = "1,2";
			};
			name = Debug;
		};
		3A1B7CD41AAF2E4D00B6336D /* Release */ = {
			isa = XCBuildConfiguration;
			buildSettings = {
				ALWAYS_SEARCH_USER_PATHS = NO;
				CLANG_CXX_LANGUAGE_STANDARD = "gnu++0x";
				CLANG_CXX_LIBRARY = "libc++";
				CLANG_ENABLE_MODULES = YES;
				CLANG_ENABLE_OBJC_ARC = YES;
				CLANG_WARN_BOOL_CONVERSION = YES;
				CLANG_WARN_CONSTANT_CONVERSION = YES;
				CLANG_WARN_DIRECT_OBJC_ISA_USAGE = YES_ERROR;
				CLANG_WARN_EMPTY_BODY = YES;
				CLANG_WARN_ENUM_CONVERSION = YES;
				CLANG_WARN_INT_CONVERSION = YES;
				CLANG_WARN_OBJC_ROOT_CLASS = YES_ERROR;
				CLANG_WARN_UNREACHABLE_CODE = YES;
				CLANG_WARN__DUPLICATE_METHOD_MATCH = YES;
				"CODE_SIGN_IDENTITY[sdk=iphoneos*]" = "iPhone Developer";
				COPY_PHASE_STRIP = YES;
				ENABLE_NS_ASSERTIONS = NO;
				ENABLE_STRICT_OBJC_MSGSEND = YES;
				GCC_C_LANGUAGE_STANDARD = gnu99;
				GCC_WARN_64_TO_32_BIT_CONVERSION = YES;
				GCC_WARN_ABOUT_RETURN_TYPE = YES_ERROR;
				GCC_WARN_UNDECLARED_SELECTOR = YES;
				GCC_WARN_UNINITIALIZED_AUTOS = YES_AGGRESSIVE;
				GCC_WARN_UNUSED_FUNCTION = YES;
				GCC_WARN_UNUSED_VARIABLE = YES;
				IPHONEOS_DEPLOYMENT_TARGET = 8.1;
				MTL_ENABLE_DEBUG_INFO = NO;
				SDKROOT = iphoneos;
				TARGETED_DEVICE_FAMILY = "1,2";
				VALIDATE_PRODUCT = YES;
			};
			name = Release;
		};
		3A1B7CD61AAF2E4D00B6336D /* Debug */ = {
			isa = XCBuildConfiguration;
			buildSettings = {
				ASSETCATALOG_COMPILER_APPICON_NAME = AppIcon;
				INFOPLIST_FILE = AAAlertViewDemo/Info.plist;
				LD_RUNPATH_SEARCH_PATHS = "$(inherited) @executable_path/Frameworks";
				PRODUCT_NAME = "$(TARGET_NAME)";
			};
			name = Debug;
		};
		3A1B7CD71AAF2E4D00B6336D /* Release */ = {
			isa = XCBuildConfiguration;
			buildSettings = {
				ASSETCATALOG_COMPILER_APPICON_NAME = AppIcon;
				INFOPLIST_FILE = AAAlertViewDemo/Info.plist;
				LD_RUNPATH_SEARCH_PATHS = "$(inherited) @executable_path/Frameworks";
				PRODUCT_NAME = "$(TARGET_NAME)";
			};
			name = Release;
		};
		3A1B7CD91AAF2E4D00B6336D /* Debug */ = {
			isa = XCBuildConfiguration;
			buildSettings = {
				BUNDLE_LOADER = "$(TEST_HOST)";
				FRAMEWORK_SEARCH_PATHS = (
					"$(SDKROOT)/Developer/Library/Frameworks",
					"$(inherited)",
				);
				GCC_PREPROCESSOR_DEFINITIONS = (
					"DEBUG=1",
					"$(inherited)",
				);
				INFOPLIST_FILE = AAAlertViewDemoTests/Info.plist;
				LD_RUNPATH_SEARCH_PATHS = "$(inherited) @executable_path/Frameworks @loader_path/Frameworks";
				PRODUCT_NAME = "$(TARGET_NAME)";
				TEST_HOST = "$(BUILT_PRODUCTS_DIR)/AAAlertViewDemo.app/AAAlertViewDemo";
			};
			name = Debug;
		};
		3A1B7CDA1AAF2E4D00B6336D /* Release */ = {
			isa = XCBuildConfiguration;
			buildSettings = {
				BUNDLE_LOADER = "$(TEST_HOST)";
				FRAMEWORK_SEARCH_PATHS = (
					"$(SDKROOT)/Developer/Library/Frameworks",
					"$(inherited)",
				);
				INFOPLIST_FILE = AAAlertViewDemoTests/Info.plist;
				LD_RUNPATH_SEARCH_PATHS = "$(inherited) @executable_path/Frameworks @loader_path/Frameworks";
				PRODUCT_NAME = "$(TARGET_NAME)";
				TEST_HOST = "$(BUILT_PRODUCTS_DIR)/AAAlertViewDemo.app/AAAlertViewDemo";
			};
			name = Release;
		};
/* End XCBuildConfiguration section */

/* Begin XCConfigurationList section */
		3A1B7CAD1AAF2E4D00B6336D /* Build configuration list for PBXProject "AAAlertViewDemo" */ = {
			isa = XCConfigurationList;
			buildConfigurations = (
				3A1B7CD31AAF2E4D00B6336D /* Debug */,
				3A1B7CD41AAF2E4D00B6336D /* Release */,
			);
			defaultConfigurationIsVisible = 0;
			defaultConfigurationName = Release;
		};
		3A1B7CD51AAF2E4D00B6336D /* Build configuration list for PBXNativeTarget "AAAlertViewDemo" */ = {
			isa = XCConfigurationList;
			buildConfigurations = (
				3A1B7CD61AAF2E4D00B6336D /* Debug */,
				3A1B7CD71AAF2E4D00B6336D /* Release */,
			);
			defaultConfigurationIsVisible = 0;
		};
		3A1B7CD81AAF2E4D00B6336D /* Build configuration list for PBXNativeTarget "AAAlertViewDemoTests" */ = {
			isa = XCConfigurationList;
			buildConfigurations = (
				3A1B7CD91AAF2E4D00B6336D /* Debug */,
				3A1B7CDA1AAF2E4D00B6336D /* Release */,
			);
			defaultConfigurationIsVisible = 0;
		};
/* End XCConfigurationList section */
	};
	rootObject = 3A1B7CAA1AAF2E4D00B6336D /* Project object */;
}
